
Microsoft Visual Studio Solution File, Format Version 12.00
# Visual Studio 14
VisualStudioVersion = 14.0.23107.0
MinimumVisualStudioVersion = 10.0.40219.1
Project("{FAE04EC0-301F-11D3-BF4B-00C04F79EFBC}") = "PhononApp", "PhononApp\PhononApp.csproj", "{0EF7C568-3B22-4AB4-A9C5-656895D0825B}"
EndProject
Global
	GlobalSection(SolutionConfigurationPlatforms) = preSolution
		Debug|Any CPU = Debug|Any CPU
		Release|Any CPU = Release|Any CPU
	EndGlobalSection
	GlobalSection(ProjectConfigurationPlatforms) = postSolution
		{0EF7C568-3B22-4AB4-A9C5-656895D0825B}.Debug|Any CPU.ActiveCfg = Debug|Any CPU
		{0EF7C568-3B22-4AB4-A9C5-656895D0825B}.Debug|Any CPU.Build.0 = Debug|Any CPU
		{0EF7C568-3B22-4AB4-A9C5-656895D0825B}.Release|Any CPU.ActiveCfg = Release|Any CPU
		{0EF7C568-3B22-4AB4-A9C5-656895D0825B}.Release|Any CPU.Build.0 = Release|Any CPU
	EndGlobalSection
	GlobalSection(SolutionProperties) = preSolution
		HideSolutionNode = FALSE
	EndGlobalSection
EndGlobal
